
Microsoft Visual Studio Solution File, Format Version 12.00
# Visual Studio Version 17
VisualStudioVersion = 17.14.36127.28
MinimumVisualStudioVersion = 10.0.40219.1
Project("{FAE04EC0-301F-11D3-BF4B-00C04F79EFBC}") = "MediaTek86", "MediaTek86.csproj", "{154EE372-1FBB-12DA-CBEA-B872CAC83533}"
EndProject
Project("{54435603-DBB4-11D2-8724-00A0C9A8B90C}") = "MediaTek86Install", "MediaTek86Install\MediaTek86Install.vdproj", "{5255DA54-DB2B-65C3-18AF-9E60533340CA}"
EndProject
Global
	GlobalSection(SolutionConfigurationPlatforms) = preSolution
		Debug|Any CPU = Debug|Any CPU
		Release|Any CPU = Release|Any CPU
	EndGlobalSection
	GlobalSection(ProjectConfigurationPlatforms) = postSolution
		{154EE372-1FBB-12DA-CBEA-B872CAC83533}.Debug|Any CPU.ActiveCfg = Debug|Any CPU
		{154EE372-1FBB-12DA-CBEA-B872CAC83533}.Debug|Any CPU.Build.0 = Debug|Any CPU
		{154EE372-1FBB-12DA-CBEA-B872CAC83533}.Release|Any CPU.ActiveCfg = Release|Any CPU
		{154EE372-1FBB-12DA-CBEA-B872CAC83533}.Release|Any CPU.Build.0 = Release|Any CPU
		{5255DA54-DB2B-65C3-18AF-9E60533340CA}.Debug|Any CPU.ActiveCfg = Debug
		{5255DA54-DB2B-65C3-18AF-9E60533340CA}.Release|Any CPU.ActiveCfg = Release
	EndGlobalSection
	GlobalSection(SolutionProperties) = preSolution
		HideSolutionNode = FALSE
	EndGlobalSection
	GlobalSection(ExtensibilityGlobals) = postSolution
		SolutionGuid = {4967C372-2D83-45F9-9319-9C570127B0C6}
	EndGlobalSection
EndGlobal
